
Microsoft Visual Studio Solution File, Format Version 12.00
# Visual Studio Version 16
VisualStudioVersion = 16.0.32510.428
MinimumVisualStudioVersion = 10.0.40219.1
Project("{FAE04EC0-301F-11D3-BF4B-00C04F79EFBC}") = "FinalExamm", "FinalExamm\FinalExamm.csproj", "{66B12DC1-AF2D-4054-A442-25DB1B95D996}"
EndProject
Global
	GlobalSection(SolutionConfigurationPlatforms) = preSolution
		Debug|Any CPU = Debug|Any CPU
		Release|Any CPU = Release|Any CPU
	EndGlobalSection
	GlobalSection(ProjectConfigurationPlatforms) = postSolution
		{66B12DC1-AF2D-4054-A442-25DB1B95D996}.Debug|Any CPU.ActiveCfg = Debug|Any CPU
		{66B12DC1-AF2D-4054-A442-25DB1B95D996}.Debug|Any CPU.Build.0 = Debug|Any CPU
		{66B12DC1-AF2D-4054-A442-25DB1B95D996}.Release|Any CPU.ActiveCfg = Release|Any CPU
		{66B12DC1-AF2D-4054-A442-25DB1B95D996}.Release|Any CPU.Build.0 = Release|Any CPU
	EndGlobalSection
	GlobalSection(SolutionProperties) = preSolution
		HideSolutionNode = FALSE
	EndGlobalSection
	GlobalSection(ExtensibilityGlobals) = postSolution
		SolutionGuid = {8F2734A7-D708-4471-8B81-83A681B7D140}
	EndGlobalSection
EndGlobal
